
Microsoft Visual Studio Solution File, Format Version 12.00
# Visual Studio Version 17
VisualStudioVersion = 17.8.34408.163
MinimumVisualStudioVersion = 10.0.40219.1
Project("{FAE04EC0-301F-11D3-BF4B-00C04F79EFBC}") = "NZWalks.API", "NZWalks.API\NZWalks.API.csproj", "{349026A9-DD7B-4856-A3C4-7AA53A49F8CD}"
EndProject
Global
	GlobalSection(SolutionConfigurationPlatforms) = preSolution
		Debug|Any CPU = Debug|Any CPU
		Release|Any CPU = Release|Any CPU
	EndGlobalSection
	GlobalSection(ProjectConfigurationPlatforms) = postSolution
		{349026A9-DD7B-4856-A3C4-7AA53A49F8CD}.Debug|Any CPU.ActiveCfg = Debug|Any CPU
		{349026A9-DD7B-4856-A3C4-7AA53A49F8CD}.Debug|Any CPU.Build.0 = Debug|Any CPU
		{349026A9-DD7B-4856-A3C4-7AA53A49F8CD}.Release|Any CPU.ActiveCfg = Release|Any CPU
		{349026A9-DD7B-4856-A3C4-7AA53A49F8CD}.Release|Any CPU.Build.0 = Release|Any CPU
	EndGlobalSection
	GlobalSection(SolutionProperties) = preSolution
		HideSolutionNode = FALSE
	EndGlobalSection
	GlobalSection(ExtensibilityGlobals) = postSolution
		SolutionGuid = {A887A7F7-8778-4923-ABF6-4F63BC1DBB75}
	EndGlobalSection
EndGlobal
